
Microsoft Visual Studio Solution File, Format Version 12.00
# Visual Studio Version 16
VisualStudioVersion = 16.0.30611.23
MinimumVisualStudioVersion = 10.0.40219.1
Project("{FAE04EC0-301F-11D3-BF4B-00C04F79EFBC}") = "Action game", "Action game\Action game.csproj", "{6B0E608B-85F7-4EBE-95D3-02058CD011EF}"
EndProject
Global
	GlobalSection(SolutionConfigurationPlatforms) = preSolution
		Debug|Any CPU = Debug|Any CPU
		Release|Any CPU = Release|Any CPU
	EndGlobalSection
	GlobalSection(ProjectConfigurationPlatforms) = postSolution
		{6B0E608B-85F7-4EBE-95D3-02058CD011EF}.Debug|Any CPU.ActiveCfg = Debug|Any CPU
		{6B0E608B-85F7-4EBE-95D3-02058CD011EF}.Debug|Any CPU.Build.0 = Debug|Any CPU
		{6B0E608B-85F7-4EBE-95D3-02058CD011EF}.Release|Any CPU.ActiveCfg = Release|Any CPU
		{6B0E608B-85F7-4EBE-95D3-02058CD011EF}.Release|Any CPU.Build.0 = Release|Any CPU
	EndGlobalSection
	GlobalSection(SolutionProperties) = preSolution
		HideSolutionNode = FALSE
	EndGlobalSection
	GlobalSection(ExtensibilityGlobals) = postSolution
		SolutionGuid = {51623649-96EC-412F-8350-E30523A04292}
	EndGlobalSection
EndGlobal
